// !$*UTF8*$!
{
	archiveVersion = 1;
	classes = {
	};
	objectVersion = 56;
	objects = {

/* Begin PBXBuildFile section */
		606515E12A39190900B78E9D /* AppDelegate.swift in Sources */ = {isa = PBXBuildFile; fileRef = 606515E02A39190900B78E9D /* AppDelegate.swift */; };
		606515E32A39190900B78E9D /* SceneDelegate.swift in Sources */ = {isa = PBXBuildFile; fileRef = 606515E22A39190900B78E9D /* SceneDelegate.swift */; };
		606515E82A39190900B78E9D /* Main.storyboard in Resources */ = {isa = PBXBuildFile; fileRef = 606515E62A39190900B78E9D /* Main.storyboard */; };
		606515EA2A39190A00B78E9D /* Assets.xcassets in Resources */ = {isa = PBXBuildFile; fileRef = 606515E92A39190A00B78E9D /* Assets.xcassets */; };
		606515ED2A39190A00B78E9D /* LaunchScreen.storyboard in Resources */ = {isa = PBXBuildFile; fileRef = 606515EB2A39190A00B78E9D /* LaunchScreen.storyboard */; };
		606515F62A39193500B78E9D /* SpringAnimation in Frameworks */ = {isa = PBXBuildFile; productRef = 606515F52A39193500B78E9D /* SpringAnimation */; };
		606515FE2A391A0B00B78E9D /* Animation.swift in Sources */ = {isa = PBXBuildFile; fileRef = 606515FD2A391A0B00B78E9D /* Animation.swift */; };
		606516002A391A3F00B78E9D /* DataStore.swift in Sources */ = {isa = PBXBuildFile; fileRef = 606515FF2A391A3F00B78E9D /* DataStore.swift */; };
		606516022A39268F00B78E9D /* MainViewController.swift in Sources */ = {isa = PBXBuildFile; fileRef = 606516012A39268F00B78E9D /* MainViewController.swift */; };
		606516052A3A1BC100B78E9D /* Extension + UIView.swift in Sources */ = {isa = PBXBuildFile; fileRef = 606516042A3A1BC100B78E9D /* Extension + UIView.swift */; };
/* End PBXBuildFile section */

/* Begin PBXFileReference section */
		606515DD2A39190900B78E9D /* SpringAnimations.app */ = {isa = PBXFileReference; explicitFileType = wrapper.application; includeInIndex = 0; path = SpringAnimations.app; sourceTree = BUILT_PRODUCTS_DIR; };
		606515E02A39190900B78E9D /* AppDelegate.swift */ = {isa = PBXFileReference; lastKnownFileType = sourcecode.swift; path = AppDelegate.swift; sourceTree = "<group>"; };
		606515E22A39190900B78E9D /* SceneDelegate.swift */ = {isa = PBXFileReference; lastKnownFileType = sourcecode.swift; path = SceneDelegate.swift; sourceTree = "<group>"; };
		606515E72A39190900B78E9D /* Base */ = {isa = PBXFileReference; lastKnownFileType = file.storyboard; name = Base; path = Base.lproj/Main.storyboard; sourceTree = "<group>"; };
		606515E92A39190A00B78E9D /* Assets.xcassets */ = {isa = PBXFileReference; lastKnownFileType = folder.assetcatalog; path = Assets.xcassets; sourceTree = "<group>"; };
		606515EC2A39190A00B78E9D /* Base */ = {isa = PBXFileReference; lastKnownFileType = file.storyboard; name = Base; path = Base.lproj/LaunchScreen.storyboard; sourceTree = "<group>"; };
		606515EE2A39190A00B78E9D /* Info.plist */ = {isa = PBXFileReference; lastKnownFileType = text.plist.xml; path = Info.plist; sourceTree = "<group>"; };
		606515FD2A391A0B00B78E9D /* Animation.swift */ = {isa = PBXFileReference; lastKnownFileType = sourcecode.swift; path = Animation.swift; sourceTree = "<group>"; };
		606515FF2A391A3F00B78E9D /* DataStore.swift */ = {isa = PBXFileReference; lastKnownFileType = sourcecode.swift; path = DataStore.swift; sourceTree = "<group>"; };
		606516012A39268F00B78E9D /* MainViewController.swift */ = {isa = PBXFileReference; lastKnownFileType = sourcecode.swift; path = MainViewController.swift; sourceTree = "<group>"; };
		606516042A3A1BC100B78E9D /* Extension + UIView.swift */ = {isa = PBXFileReference; lastKnownFileType = sourcecode.swift; path = "Extension + UIView.swift"; sourceTree = "<group>"; };
/* End PBXFileReference section */

/* Begin PBXFrameworksBuildPhase section */
		606515DA2A39190900B78E9D /* Frameworks */ = {
			isa = PBXFrameworksBuildPhase;
			buildActionMask = 2147483647;
			files = (
				606515F62A39193500B78E9D /* SpringAnimation in Frameworks */,
			);
			runOnlyForDeploymentPostprocessing = 0;
		};
/* End PBXFrameworksBuildPhase section */

/* Begin PBXGroup section */
		606515D42A39190900B78E9D = {
			isa = PBXGroup;
			children = (
				606515DF2A39190900B78E9D /* SpringAnimations */,
				606515DE2A39190900B78E9D /* Products */,
			);
			sourceTree = "<group>";
		};
		606515DE2A39190900B78E9D /* Products */ = {
			isa = PBXGroup;
			children = (
				606515DD2A39190900B78E9D /* SpringAnimations.app */,
			);
			name = Products;
			sourceTree = "<group>";
		};
		606515DF2A39190900B78E9D /* SpringAnimations */ = {
			isa = PBXGroup;
			children = (
				606516032A3A1BA800B78E9D /* Extensions */,
				606515FC2A3919D200B78E9D /* Models */,
				606515FB2A3919BF00B78E9D /* Services */,
				606515F72A39195100B78E9D /* App */,
				606515F82A39197900B78E9D /* ViewControllers */,
				606515F92A39199800B78E9D /* Storyboards */,
				606515FA2A3919B500B78E9D /* Resources */,
			);
			path = SpringAnimations;
			sourceTree = "<group>";
		};
		606515F72A39195100B78E9D /* App */ = {
			isa = PBXGroup;
			children = (
				606515E02A39190900B78E9D /* AppDelegate.swift */,
				606515E22A39190900B78E9D /* SceneDelegate.swift */,
				606515EE2A39190A00B78E9D /* Info.plist */,
			);
			path = App;
			sourceTree = "<group>";
		};
		606515F82A39197900B78E9D /* ViewControllers */ = {
			isa = PBXGroup;
			children = (
				606516012A39268F00B78E9D /* MainViewController.swift */,
			);
			path = ViewControllers;
			sourceTree = "<group>";
		};
		606515F92A39199800B78E9D /* Storyboards */ = {
			isa = PBXGroup;
			children = (
				606515E62A39190900B78E9D /* Main.storyboard */,
				606515EB2A39190A00B78E9D /* LaunchScreen.storyboard */,
			);
			path = Storyboards;
			sourceTree = "<group>";
		};
		606515FA2A3919B500B78E9D /* Resources */ = {
			isa = PBXGroup;
			children = (
				606515E92A39190A00B78E9D /* Assets.xcassets */,
			);
			path = Resources;
			sourceTree = "<group>";
		};
		606515FB2A3919BF00B78E9D /* Services */ = {
			isa = PBXGroup;
			children = (
				606515FF2A391A3F00B78E9D /* DataStore.swift */,
			);
			path = Services;
			sourceTree = "<group>";
		};
		606515FC2A3919D200B78E9D /* Models */ = {
			isa = PBXGroup;
			children = (
				606515FD2A391A0B00B78E9D /* Animation.swift */,
			);
			path = Models;
			sourceTree = "<group>";
		};
		606516032A3A1BA800B78E9D /* Extensions */ = {
			isa = PBXGroup;
			children = (
				606516042A3A1BC100B78E9D /* Extension + UIView.swift */,
			);
			path = Extensions;
			sourceTree = "<group>";
		};
/* End PBXGroup section */

/* Begin PBXNativeTarget section */
		606515DC2A39190900B78E9D /* SpringAnimations */ = {
			isa = PBXNativeTarget;
			buildConfigurationList = 606515F12A39190A00B78E9D /* Build configuration list for PBXNativeTarget "SpringAnimations" */;
			buildPhases = (
				606515D92A39190900B78E9D /* Sources */,
				606515DA2A39190900B78E9D /* Frameworks */,
				606515DB2A39190900B78E9D /* Resources */,
			);
			buildRules = (
			);
			dependencies = (
			);
			name = SpringAnimations;
			packageProductDependencies = (
				606515F52A39193500B78E9D /* SpringAnimation */,
			);
			productName = SpringAnimation;
			productReference = 606515DD2A39190900B78E9D /* SpringAnimations.app */;
			productType = "com.apple.product-type.application";
		};
/* End PBXNativeTarget section */

/* Begin PBXProject section */
		606515D52A39190900B78E9D /* Project object */ = {
			isa = PBXProject;
			attributes = {
				BuildIndependentTargetsInParallel = 1;
				LastSwiftUpdateCheck = 1430;
				LastUpgradeCheck = 1430;
				TargetAttributes = {
					606515DC2A39190900B78E9D = {
						CreatedOnToolsVersion = 14.3.1;
					};
				};
			};
			buildConfigurationList = 606515D82A39190900B78E9D /* Build configuration list for PBXProject "SpringAnimations" */;
			compatibilityVersion = "Xcode 14.0";
			developmentRegion = en;
			hasScannedForEncodings = 0;
			knownRegions = (
				en,
				Base,
			);
			mainGroup = 606515D42A39190900B78E9D;
			packageReferences = (
				606515F42A39193500B78E9D /* XCRemoteSwiftPackageReference "SpringAnimation" */,
			);
			productRefGroup = 606515DE2A39190900B78E9D /* Products */;
			projectDirPath = "";
			projectRoot = "";
			targets = (
				606515DC2A39190900B78E9D /* SpringAnimations */,
			);
		};
/* End PBXProject section */

/* Begin PBXResourcesBuildPhase section */
		606515DB2A39190900B78E9D /* Resources */ = {
			isa = PBXResourcesBuildPhase;
			buildActionMask = 2147483647;
			files = (
				606515ED2A39190A00B78E9D /* LaunchScreen.storyboard in Resources */,
				606515EA2A39190A00B78E9D /* Assets.xcassets in Resources */,
				606515E82A39190900B78E9D /* Main.storyboard in Resources */,
			);
			runOnlyForDeploymentPostprocessing = 0;
		};
/* End PBXResourcesBuildPhase section */

/* Begin PBXSourcesBuildPhase section */
		606515D92A39190900B78E9D /* Sources */ = {
			isa = PBXSourcesBuildPhase;
			buildActionMask = 2147483647;
			files = (
				606515E12A39190900B78E9D /* AppDelegate.swift in Sources */,
				606515FE2A391A0B00B78E9D /* Animation.swift in Sources */,
				606516052A3A1BC100B78E9D /* Extension + UIView.swift in Sources */,
				606516002A391A3F00B78E9D /* DataStore.swift in Sources */,
				606515E32A39190900B78E9D /* SceneDelegate.swift in Sources */,
				606516022A39268F00B78E9D /* MainViewController.swift in Sources */,
			);
			runOnlyForDeploymentPostprocessing = 0;
		};
/* End PBXSourcesBuildPhase section */

/* Begin PBXVariantGroup section */
		606515E62A39190900B78E9D /* Main.storyboard */ = {
			isa = PBXVariantGroup;
			children = (
				606515E72A39190900B78E9D /* Base */,
			);
			name = Main.storyboard;
			sourceTree = "<group>";
		};
		606515EB2A39190A00B78E9D /* LaunchScreen.storyboard */ = {
			isa = PBXVariantGroup;
			children = (
				606515EC2A39190A00B78E9D /* Base */,
			);
			name = LaunchScreen.storyboard;
			sourceTree = "<group>";
		};
/* End PBXVariantGroup section */

/* Begin XCBuildConfiguration section */
		606515EF2A39190A00B78E9D /* Debug */ = {
			isa = XCBuildConfiguration;
			buildSettings = {
				ALWAYS_SEARCH_USER_PATHS = NO;
				CLANG_ANALYZER_NONNULL = YES;
				CLANG_ANALYZER_NUMBER_OBJECT_CONVERSION = YES_AGGRESSIVE;
				CLANG_CXX_LANGUAGE_STANDARD = "gnu++20";
				CLANG_ENABLE_MODULES = YES;
				CLANG_ENABLE_OBJC_ARC = YES;
				CLANG_ENABLE_OBJC_WEAK = YES;
				CLANG_WARN_BLOCK_CAPTURE_AUTORELEASING = YES;
				CLANG_WARN_BOOL_CONVERSION = YES;
				CLANG_WARN_COMMA = YES;
				CLANG_WARN_CONSTANT_CONVERSION = YES;
				CLANG_WARN_DEPRECATED_OBJC_IMPLEMENTATIONS = YES;
				CLANG_WARN_DIRECT_OBJC_ISA_USAGE = YES_ERROR;
				CLANG_WARN_DOCUMENTATION_COMMENTS = YES;
				CLANG_WARN_EMPTY_BODY = YES;
				CLANG_WARN_ENUM_CONVERSION = YES;
				CLANG_WARN_INFINITE_RECURSION = YES;
				CLANG_WARN_INT_CONVERSION = YES;
				CLANG_WARN_NON_LITERAL_NULL_CONVERSION = YES;
				CLANG_WARN_OBJC_IMPLICIT_RETAIN_SELF = YES;
				CLANG_WARN_OBJC_LITERAL_CONVERSION = YES;
				CLANG_WARN_OBJC_ROOT_CLASS = YES_ERROR;
				CLANG_WARN_QUOTED_INCLUDE_IN_FRAMEWORK_HEADER = YES;
				CLANG_WARN_RANGE_LOOP_ANALYSIS = YES;
				CLANG_WARN_STRICT_PROTOTYPES = YES;
				CLANG_WARN_SUSPICIOUS_MOVE = YES;
				CLANG_WARN_UNGUARDED_AVAILABILITY = YES_AGGRESSIVE;
				CLANG_WARN_UNREACHABLE_CODE = YES;
				CLANG_WARN__DUPLICATE_METHOD_MATCH = YES;
				COPY_PHASE_STRIP = NO;
				DEBUG_INFORMATION_FORMAT = dwarf;
				ENABLE_STRICT_OBJC_MSGSEND = YES;
				ENABLE_TESTABILITY = YES;
				GCC_C_LANGUAGE_STANDARD = gnu11;
				GCC_DYNAMIC_NO_PIC = NO;
				GCC_NO_COMMON_BLOCKS = YES;
				GCC_OPTIMIZATION_LEVEL = 0;
				GCC_PREPROCESSOR_DEFINITIONS = (
					"DEBUG=1",
					"$(inherited)",
				);
				GCC_WARN_64_TO_32_BIT_CONVERSION = YES;
				GCC_WARN_ABOUT_RETURN_TYPE = YES_ERROR;
				GCC_WARN_UNDECLARED_SELECTOR = YES;
				GCC_WARN_UNINITIALIZED_AUTOS = YES_AGGRESSIVE;
				GCC_WARN_UNUSED_FUNCTION = YES;
				GCC_WARN_UNUSED_VARIABLE = YES;
				IPHONEOS_DEPLOYMENT_TARGET = 16.4;
				MTL_ENABLE_DEBUG_INFO = INCLUDE_SOURCE;
				MTL_FAST_MATH = YES;
				ONLY_ACTIVE_ARCH = YES;
				SDKROOT = iphoneos;
				SWIFT_ACTIVE_COMPILATION_CONDITIONS = DEBUG;
				SWIFT_OPTIMIZATION_LEVEL = "-Onone";
			};
			name = Debug;
		};
		606515F02A39190A00B78E9D /* Release */ = {
			isa = XCBuildConfiguration;
			buildSettings = {
				ALWAYS_SEARCH_USER_PATHS = NO;
				CLANG_ANALYZER_NONNULL = YES;
				CLANG_ANALYZER_NUMBER_OBJECT_CONVERSION = YES_AGGRESSIVE;
				CLANG_CXX_LANGUAGE_STANDARD = "gnu++20";
				CLANG_ENABLE_MODULES = YES;
				CLANG_ENABLE_OBJC_ARC = YES;
				CLANG_ENABLE_OBJC_WEAK = YES;
				CLANG_WARN_BLOCK_CAPTURE_AUTORELEASING = YES;
				CLANG_WARN_BOOL_CONVERSION = YES;
				CLANG_WARN_COMMA = YES;
				CLANG_WARN_CONSTANT_CONVERSION = YES;
				CLANG_WARN_DEPRECATED_OBJC_IMPLEMENTATIONS = YES;
				CLANG_WARN_DIRECT_OBJC_ISA_USAGE = YES_ERROR;
				CLANG_WARN_DOCUMENTATION_COMMENTS = YES;
				CLANG_WARN_EMPTY_BODY = YES;
				CLANG_WARN_ENUM_CONVERSION = YES;
				CLANG_WARN_INFINITE_RECURSION = YES;
				CLANG_WARN_INT_CONVERSION = YES;
				CLANG_WARN_NON_LITERAL_NULL_CONVERSION = YES;
				CLANG_WARN_OBJC_IMPLICIT_RETAIN_SELF = YES;
				CLANG_WARN_OBJC_LITERAL_CONVERSION = YES;
				CLANG_WARN_OBJC_ROOT_CLASS = YES_ERROR;
				CLANG_WARN_QUOTED_INCLUDE_IN_FRAMEWORK_HEADER = YES;
				CLANG_WARN_RANGE_LOOP_ANALYSIS = YES;
				CLANG_WARN_STRICT_PROTOTYPES = YES;
				CLANG_WARN_SUSPICIOUS_MOVE = YES;
				CLANG_WARN_UNGUARDED_AVAILABILITY = YES_AGGRESSIVE;
				CLANG_WARN_UNREACHABLE_CODE = YES;
				CLANG_WARN__DUPLICATE_METHOD_MATCH = YES;
				COPY_PHASE_STRIP = NO;
				DEBUG_INFORMATION_FORMAT = "dwarf-with-dsym";
				ENABLE_NS_ASSERTIONS = NO;
				ENABLE_STRICT_OBJC_MSGSEND = YES;
				GCC_C_LANGUAGE_STANDARD = gnu11;
				GCC_NO_COMMON_BLOCKS = YES;
				GCC_WARN_64_TO_32_BIT_CONVERSION = YES;
				GCC_WARN_ABOUT_RETURN_TYPE = YES_ERROR;
				GCC_WARN_UNDECLARED_SELECTOR = YES;
				GCC_WARN_UNINITIALIZED_AUTOS = YES_AGGRESSIVE;
				GCC_WARN_UNUSED_FUNCTION = YES;
				GCC_WARN_UNUSED_VARIABLE = YES;
				IPHONEOS_DEPLOYMENT_TARGET = 16.4;
				MTL_ENABLE_DEBUG_INFO = NO;
				MTL_FAST_MATH = YES;
				SDKROOT = iphoneos;
				SWIFT_COMPILATION_MODE = wholemodule;
				SWIFT_OPTIMIZATION_LEVEL = "-O";
				VALIDATE_PRODUCT = YES;
			};
			name = Release;
		};
		606515F22A39190A00B78E9D /* Debug */ = {
			isa = XCBuildConfiguration;
			buildSettings = {
				ASSETCATALOG_COMPILER_APPICON_NAME = AppIcon;
				ASSETCATALOG_COMPILER_GLOBAL_ACCENT_COLOR_NAME = AccentColor;
				CODE_SIGN_STYLE = Automatic;
				CURRENT_PROJECT_VERSION = 1;
				DEVELOPMENT_TEAM = 8596MXNNFG;
				GENERATE_INFOPLIST_FILE = YES;
				INFOPLIST_FILE = SpringAnimations/App/Info.plist;
				INFOPLIST_KEY_UIApplicationSupportsIndirectInputEvents = YES;
				INFOPLIST_KEY_UILaunchStoryboardName = LaunchScreen;
				INFOPLIST_KEY_UIMainStoryboardFile = Main;
				INFOPLIST_KEY_UISupportedInterfaceOrientations = UIInterfaceOrientationPortrait;
				INFOPLIST_KEY_UISupportedInterfaceOrientations_iPad = "UIInterfaceOrientationLandscapeLeft UIInterfaceOrientationLandscapeRight UIInterfaceOrientationPortrait UIInterfaceOrientationPortraitUpsideDown";
				LD_RUNPATH_SEARCH_PATHS = (
					"$(inherited)",
					"@executable_path/Frameworks",
				);
				MARKETING_VERSION = 1.0;
				PRODUCT_BUNDLE_IDENTIFIER = Home.SpringAnimation;
				PRODUCT_NAME = "$(TARGET_NAME)";
				SUPPORTED_PLATFORMS = "iphoneos iphonesimulator";
				SUPPORTS_MACCATALYST = NO;
				SUPPORTS_MAC_DESIGNED_FOR_IPHONE_IPAD = NO;
				SWIFT_EMIT_LOC_STRINGS = YES;
				SWIFT_VERSION = 5.0;
				TARGETED_DEVICE_FAMILY = 1;
			};
			name = Debug;
		};
		606515F32A39190A00B78E9D /* Release */ = {
			isa = XCBuildConfiguration;
			buildSettings = {
				ASSETCATALOG_COMPILER_APPICON_NAME = AppIcon;
				ASSETCATALOG_COMPILER_GLOBAL_ACCENT_COLOR_NAME = AccentColor;
				CODE_SIGN_STYLE = Automatic;
				CURRENT_PROJECT_VERSION = 1;
				DEVELOPMENT_TEAM = 8596MXNNFG;
				GENERATE_INFOPLIST_FILE = YES;
				INFOPLIST_FILE = SpringAnimations/App/Info.plist;
				INFOPLIST_KEY_UIApplicationSupportsIndirectInputEvents = YES;
				INFOPLIST_KEY_UILaunchStoryboardName = LaunchScreen;
				INFOPLIST_KEY_UIMainStoryboardFile = Main;
				INFOPLIST_KEY_UISupportedInterfaceOrientations = UIInterfaceOrientationPortrait;
				INFOPLIST_KEY_UISupportedInterfaceOrientations_iPad = "UIInterfaceOrientationLandscapeLeft UIInterfaceOrientationLandscapeRight UIInterfaceOrientationPortrait UIInterfaceOrientationPortraitUpsideDown";
				LD_RUNPATH_SEARCH_PATHS = (
					"$(inherited)",
					"@executable_path/Frameworks",
				);
				MARKETING_VERSION = 1.0;
				PRODUCT_BUNDLE_IDENTIFIER = Home.SpringAnimation;
				PRODUCT_NAME = "$(TARGET_NAME)";
				SUPPORTED_PLATFORMS = "iphoneos iphonesimulator";
				SUPPORTS_MACCATALYST = NO;
				SUPPORTS_MAC_DESIGNED_FOR_IPHONE_IPAD = NO;
				SWIFT_EMIT_LOC_STRINGS = YES;
				SWIFT_VERSION = 5.0;
				TARGETED_DEVICE_FAMILY = 1;
			};
			name = Release;
		};
/* End XCBuildConfiguration section */

/* Begin XCConfigurationList section */
		606515D82A39190900B78E9D /* Build configuration list for PBXProject "SpringAnimations" */ = {
			isa = XCConfigurationList;
			buildConfigurations = (
				606515EF2A39190A00B78E9D /* Debug */,
				606515F02A39190A00B78E9D /* Release */,
			);
			defaultConfigurationIsVisible = 0;
			defaultConfigurationName = Release;
		};
		606515F12A39190A00B78E9D /* Build configuration list for PBXNativeTarget "SpringAnimations" */ = {
			isa = XCConfigurationList;
			buildConfigurations = (
				606515F22A39190A00B78E9D /* Debug */,
				606515F32A39190A00B78E9D /* Release */,
			);
			defaultConfigurationIsVisible = 0;
			defaultConfigurationName = Release;
		};
/* End XCConfigurationList section */

/* Begin XCRemoteSwiftPackageReference section */
		606515F42A39193500B78E9D /* XCRemoteSwiftPackageReference "SpringAnimation" */ = {
			isa = XCRemoteSwiftPackageReference;
			repositoryURL = "https://github.com/LexDeBash/SpringAnimation";
			requirement = {
				kind = upToNextMinorVersion;
				minimumVersion = 0.3.0;
			};
		};
/* End XCRemoteSwiftPackageReference section */

/* Begin XCSwiftPackageProductDependency section */
		606515F52A39193500B78E9D /* SpringAnimation */ = {
			isa = XCSwiftPackageProductDependency;
			package = 606515F42A39193500B78E9D /* XCRemoteSwiftPackageReference "SpringAnimation" */;
			productName = SpringAnimation;
		};
/* End XCSwiftPackageProductDependency section */
	};
	rootObject = 606515D52A39190900B78E9D /* Project object */;
}
